Microsoft Visual Studio Solution File, Format Version 12.00
# Visual Studio Version 17
VisualStudioVersion = 17.5.2.0
MinimumVisualStudioVersion = 10.0.40219.1
Project("{FAE04EC0-301F-11D3-BF4B-00C04F79EFBC}") = "ConsistentDoubleJump", "ConsistentDoubleJump.csproj", "{D2D3CFF9-F286-C559-4CB1-7CC00F3B93A3}"
EndProject
Global
	GlobalSection(SolutionConfigurationPlatforms) = preSolution
		Debug|Any CPU = Debug|Any CPU
		Release|Any CPU = Release|Any CPU
	EndGlobalSection
	GlobalSection(ProjectConfigurationPlatforms) = postSolution
		{D2D3CFF9-F286-C559-4CB1-7CC00F3B93A3}.Debug|Any CPU.ActiveCfg = Debug|Any CPU
		{D2D3CFF9-F286-C559-4CB1-7CC00F3B93A3}.Debug|Any CPU.Build.0 = Debug|Any CPU
		{D2D3CFF9-F286-C559-4CB1-7CC00F3B93A3}.Release|Any CPU.ActiveCfg = Release|Any CPU
		{D2D3CFF9-F286-C559-4CB1-7CC00F3B93A3}.Release|Any CPU.Build.0 = Release|Any CPU
	EndGlobalSection
	GlobalSection(SolutionProperties) = preSolution
		HideSolutionNode = FALSE
	EndGlobalSection
	GlobalSection(ExtensibilityGlobals) = postSolution
		SolutionGuid = {E092FB4A-769F-4712-98E8-EACE8598417F}
	EndGlobalSection
EndGlobal
